// !$*UTF8*$!
{
	archiveVersion = 1;
	classes = {
	};
	objectVersion = 50;
	objects = {

/* Begin PBXBuildFile section */
		3D219218229B879F009C430C /* AppDelegate.m in Sources */ = {isa = PBXBuildFile; fileRef = 3D219217229B879F009C430C /* AppDelegate.m */; };
		3D21921B229B879F009C430C /* ViewController.m in Sources */ = {isa = PBXBuildFile; fileRef = 3D21921A229B879F009C430C /* ViewController.m */; };
		3D21921E229B879F009C430C /* Main.storyboard in Resources */ = {isa = PBXBuildFile; fileRef = 3D21921C229B879F009C430C /* Main.storyboard */; };
		3D219221229B879F009C430C /* JSContact.xcdatamodeld in Sources */ = {isa = PBXBuildFile; fileRef = 3D21921F229B879F009C430C /* JSContact.xcdatamodeld */; };
		3D219223229B87A0009C430C /* Assets.xcassets in Resources */ = {isa = PBXBuildFile; fileRef = 3D219222229B87A0009C430C /* Assets.xcassets */; };
		3D219226229B87A0009C430C /* LaunchScreen.storyboard in Resources */ = {isa = PBXBuildFile; fileRef = 3D219224229B87A0009C430C /* LaunchScreen.storyboard */; };
		3D219229229B87A0009C430C /* main.m in Sources */ = {isa = PBXBuildFile; fileRef = 3D219228229B87A0009C430C /* main.m */; };
		3D219233229B87A0009C430C /* JSContactTests.m in Sources */ = {isa = PBXBuildFile; fileRef = 3D219232229B87A0009C430C /* JSContactTests.m */; };
		3D21923E229B87A0009C430C /* JSContactUITests.m in Sources */ = {isa = PBXBuildFile; fileRef = 3D21923D229B87A0009C430C /* JSContactUITests.m */; };
		3D21924D229B87C3009C430C /* WebKit.framework in Frameworks */ = {isa = PBXBuildFile; fileRef = 3D21924C229B87C3009C430C /* WebKit.framework */; };
		3D219250229B8800009C430C /* CCBaseViewController.m in Sources */ = {isa = PBXBuildFile; fileRef = 3D21924F229B8800009C430C /* CCBaseViewController.m */; };
/* End PBXBuildFile section */

/* Begin PBXContainerItemProxy section */
		3D21922F229B87A0009C430C /* PBXContainerItemProxy */ = {
			isa = PBXContainerItemProxy;
			containerPortal = 3D21920B229B879E009C430C /* Project object */;
			proxyType = 1;
			remoteGlobalIDString = 3D219212229B879E009C430C;
			remoteInfo = JSContact;
		};
		3D21923A229B87A0009C430C /* PBXContainerItemProxy */ = {
			isa = PBXContainerItemProxy;
			containerPortal = 3D21920B229B879E009C430C /* Project object */;
			proxyType = 1;
			remoteGlobalIDString = 3D219212229B879E009C430C;
			remoteInfo = JSContact;
		};
/* End PBXContainerItemProxy section */

/* Begin PBXFileReference section */
		3D219213229B879E009C430C /* JSContact.app */ = {isa = PBXFileReference; explicitFileType = wrapper.application; includeInIndex = 0; path = JSContact.app; sourceTree = BUILT_PRODUCTS_DIR; };
		3D219216229B879F009C430C /* AppDelegate.h */ = {isa = PBXFileReference; lastKnownFileType = sourcecode.c.h; path = AppDelegate.h; sourceTree = "<group>"; };
		3D219217229B879F009C430C /* AppDelegate.m */ = {isa = PBXFileReference; lastKnownFileType = sourcecode.c.objc; path = AppDelegate.m; sourceTree = "<group>"; };
		3D219219229B879F009C430C /* ViewController.h */ = {isa = PBXFileReference; lastKnownFileType = sourcecode.c.h; path = ViewController.h; sourceTree = "<group>"; };
		3D21921A229B879F009C430C /* ViewController.m */ = {isa = PBXFileReference; lastKnownFileType = sourcecode.c.objc; path = ViewController.m; sourceTree = "<group>"; };
		3D21921D229B879F009C430C /* Base */ = {isa = PBXFileReference; lastKnownFileType = file.storyboard; name = Base; path = Base.lproj/Main.storyboard; sourceTree = "<group>"; };
		3D219220229B879F009C430C /* JSContact.xcdatamodel */ = {isa = PBXFileReference; lastKnownFileType = wrapper.xcdatamodel; path = JSContact.xcdatamodel; sourceTree = "<group>"; };
		3D219222229B87A0009C430C /* Assets.xcassets */ = {isa = PBXFileReference; lastKnownFileType = folder.assetcatalog; path = Assets.xcassets; sourceTree = "<group>"; };
		3D219225229B87A0009C430C /* Base */ = {isa = PBXFileReference; lastKnownFileType = file.storyboard; name = Base; path = Base.lproj/LaunchScreen.storyboard; sourceTree = "<group>"; };
		3D219227229B87A0009C430C /* Info.plist */ = {isa = PBXFileReference; lastKnownFileType = text.plist.xml; path = Info.plist; sourceTree = "<group>"; };
		3D219228229B87A0009C430C /* main.m */ = {isa = PBXFileReference; lastKnownFileType = sourcecode.c.objc; path = main.m; sourceTree = "<group>"; };
		3D21922E229B87A0009C430C /* JSContactTests.xctest */ = {isa = PBXFileReference; explicitFileType = wrapper.cfbundle; includeInIndex = 0; path = JSContactTests.xctest; sourceTree = BUILT_PRODUCTS_DIR; };
		3D219232229B87A0009C430C /* JSContactTests.m */ = {isa = PBXFileReference; lastKnownFileType = sourcecode.c.objc; path = JSContactTests.m; sourceTree = "<group>"; };
		3D219234229B87A0009C430C /* Info.plist */ = {isa = PBXFileReference; lastKnownFileType = text.plist.xml; path = Info.plist; sourceTree = "<group>"; };
		3D219239229B87A0009C430C /* JSContactUITests.xctest */ = {isa = PBXFileReference; explicitFileType = wrapper.cfbundle; includeInIndex = 0; path = JSContactUITests.xctest; sourceTree = BUILT_PRODUCTS_DIR; };
		3D21923D229B87A0009C430C /* JSContactUITests.m */ = {isa = PBXFileReference; lastKnownFileType = sourcecode.c.objc; path = JSContactUITests.m; sourceTree = "<group>"; };
		3D21923F229B87A0009C430C /* Info.plist */ = {isa = PBXFileReference; lastKnownFileType = text.plist.xml; path = Info.plist; sourceTree = "<group>"; };
		3D21924C229B87C3009C430C /* WebKit.framework */ = {isa = PBXFileReference; lastKnownFileType = wrapper.framework; name = WebKit.framework; path = System/Library/Frameworks/WebKit.framework; sourceTree = SDKROOT; };
		3D21924E229B8800009C430C /* CCBaseViewController.h */ = {isa = PBXFileReference; lastKnownFileType = sourcecode.c.h; path = CCBaseViewController.h; sourceTree = "<group>"; };
		3D21924F229B8800009C430C /* CCBaseViewController.m */ = {isa = PBXFileReference; lastKnownFileType = sourcecode.c.objc; path = CCBaseViewController.m; sourceTree = "<group>"; };
/* End PBXFileReference section */

/* Begin PBXFrameworksBuildPhase section */
		3D219210229B879E009C430C /* Frameworks */ = {
			isa = PBXFrameworksBuildPhase;
			buildActionMask = 2147483647;
			files = (
				3D21924D229B87C3009C430C /* WebKit.framework in Frameworks */,
			);
			runOnlyForDeploymentPostprocessing = 0;
		};
		3D21922B229B87A0009C430C /* Frameworks */ = {
			isa = PBXFrameworksBuildPhase;
			buildActionMask = 2147483647;
			files = (
			);
			runOnlyForDeploymentPostprocessing = 0;
		};
		3D219236229B87A0009C430C /* Frameworks */ = {
			isa = PBXFrameworksBuildPhase;
			buildActionMask = 2147483647;
			files = (
			);
			runOnlyForDeploymentPostprocessing = 0;
		};
/* End PBXFrameworksBuildPhase section */

/* Begin PBXGroup section */
		3D21920A229B879E009C430C = {
			isa = PBXGroup;
			children = (
				3D219215229B879F009C430C /* JSContact */,
				3D219231229B87A0009C430C /* JSContactTests */,
				3D21923C229B87A0009C430C /* JSContactUITests */,
				3D219214229B879F009C430C /* Products */,
				3D21924B229B87C3009C430C /* Frameworks */,
			);
			sourceTree = "<group>";
		};
		3D219214229B879F009C430C /* Products */ = {
			isa = PBXGroup;
			children = (
				3D219213229B879E009C430C /* JSContact.app */,
				3D21922E229B87A0009C430C /* JSContactTests.xctest */,
				3D219239229B87A0009C430C /* JSContactUITests.xctest */,
			);
			name = Products;
			sourceTree = "<group>";
		};
		3D219215229B879F009C430C /* JSContact */ = {
			isa = PBXGroup;
			children = (
				3D219216229B879F009C430C /* AppDelegate.h */,
				3D219217229B879F009C430C /* AppDelegate.m */,
				3D219219229B879F009C430C /* ViewController.h */,
				3D21921A229B879F009C430C /* ViewController.m */,
				3D21924E229B8800009C430C /* CCBaseViewController.h */,
				3D21924F229B8800009C430C /* CCBaseViewController.m */,
				3D21921C229B879F009C430C /* Main.storyboard */,
				3D219222229B87A0009C430C /* Assets.xcassets */,
				3D219224229B87A0009C430C /* LaunchScreen.storyboard */,
				3D219227229B87A0009C430C /* Info.plist */,
				3D219228229B87A0009C430C /* main.m */,
				3D21921F229B879F009C430C /* JSContact.xcdatamodeld */,
			);
			path = JSContact;
			sourceTree = "<group>";
		};
		3D219231229B87A0009C430C /* JSContactTests */ = {
			isa = PBXGroup;
			children = (
				3D219232229B87A0009C430C /* JSContactTests.m */,
				3D219234229B87A0009C430C /* Info.plist */,
			);
			path = JSContactTests;
			sourceTree = "<group>";
		};
		3D21923C229B87A0009C430C /* JSContactUITests */ = {
			isa = PBXGroup;
			children = (
				3D21923D229B87A0009C430C /* JSContactUITests.m */,
				3D21923F229B87A0009C430C /* Info.plist */,
			);
			path = JSContactUITests;
			sourceTree = "<group>";
		};
		3D21924B229B87C3009C430C /* Frameworks */ = {
			isa = PBXGroup;
			children = (
				3D21924C229B87C3009C430C /* WebKit.framework */,
			);
			name = Frameworks;
			sourceTree = "<group>";
		};
/* End PBXGroup section */

/* Begin PBXNativeTarget section */
		3D219212229B879E009C430C /* JSContact */ = {
			isa = PBXNativeTarget;
			buildConfigurationList = 3D219242229B87A1009C430C /* Build configuration list for PBXNativeTarget "JSContact" */;
			buildPhases = (
				3D21920F229B879E009C430C /* Sources */,
				3D219210229B879E009C430C /* Frameworks */,
				3D219211229B879E009C430C /* Resources */,
			);
			buildRules = (
			);
			dependencies = (
			);
			name = JSContact;
			productName = JSContact;
			productReference = 3D219213229B879E009C430C /* JSContact.app */;
			productType = "com.apple.product-type.application";
		};
		3D21922D229B87A0009C430C /* JSContactTests */ = {
			isa = PBXNativeTarget;
			buildConfigurationList = 3D219245229B87A1009C430C /* Build configuration list for PBXNativeTarget "JSContactTests" */;
			buildPhases = (
				3D21922A229B87A0009C430C /* Sources */,
				3D21922B229B87A0009C430C /* Frameworks */,
				3D21922C229B87A0009C430C /* Resources */,
			);
			buildRules = (
			);
			dependencies = (
				3D219230229B87A0009C430C /* PBXTargetDependency */,
			);
			name = JSContactTests;
			productName = JSContactTests;
			productReference = 3D21922E229B87A0009C430C /* JSContactTests.xctest */;
			productType = "com.apple.product-type.bundle.unit-test";
		};
		3D219238229B87A0009C430C /* JSContactUITests */ = {
			isa = PBXNativeTarget;
			buildConfigurationList = 3D219248229B87A1009C430C /* Build configuration list for PBXNativeTarget "JSContactUITests" */;
			buildPhases = (
				3D219235229B87A0009C430C /* Sources */,
				3D219236229B87A0009C430C /* Frameworks */,
				3D219237229B87A0009C430C /* Resources */,
			);
			buildRules = (
			);
			dependencies = (
				3D21923B229B87A0009C430C /* PBXTargetDependency */,
			);
			name = JSContactUITests;
			productName = JSContactUITests;
			productReference = 3D219239229B87A0009C430C /* JSContactUITests.xctest */;
			productType = "com.apple.product-type.bundle.ui-testing";
		};
/* End PBXNativeTarget section */

/* Begin PBXProject section */
		3D21920B229B879E009C430C /* Project object */ = {
			isa = PBXProject;
			attributes = {
				LastUpgradeCheck = 1020;
				ORGANIZATIONNAME = cuichengcheng;
				TargetAttributes = {
					3D219212229B879E009C430C = {
						CreatedOnToolsVersion = 10.2.1;
					};
					3D21922D229B87A0009C430C = {
						CreatedOnToolsVersion = 10.2.1;
						TestTargetID = 3D219212229B879E009C430C;
					};
					3D219238229B87A0009C430C = {
						CreatedOnToolsVersion = 10.2.1;
						TestTargetID = 3D219212229B879E009C430C;
					};
				};
			};
			buildConfigurationList = 3D21920E229B879E009C430C /* Build configuration list for PBXProject "JSContact" */;
			compatibilityVersion = "Xcode 9.3";
			developmentRegion = en;
			hasScannedForEncodings = 0;
			knownRegions = (
				en,
				Base,
			);
			mainGroup = 3D21920A229B879E009C430C;
			productRefGroup = 3D219214229B879F009C430C /* Products */;
			projectDirPath = "";
			projectRoot = "";
			targets = (
				3D219212229B879E009C430C /* JSContact */,
				3D21922D229B87A0009C430C /* JSContactTests */,
				3D219238229B87A0009C430C /* JSContactUITests */,
			);
		};
/* End PBXProject section */

/* Begin PBXResourcesBuildPhase section */
		3D219211229B879E009C430C /* Resources */ = {
			isa = PBXResourcesBuildPhase;
			buildActionMask = 2147483647;
			files = (
				3D219226229B87A0009C430C /* LaunchScreen.storyboard in Resources */,
				3D219223229B87A0009C430C /* Assets.xcassets in Resources */,
				3D21921E229B879F009C430C /* Main.storyboard in Resources */,
			);
			runOnlyForDeploymentPostprocessing = 0;
		};
		3D21922C229B87A0009C430C /* Resources */ = {
			isa = PBXResourcesBuildPhase;
			buildActionMask = 2147483647;
			files = (
			);
			runOnlyForDeploymentPostprocessing = 0;
		};
		3D219237229B87A0009C430C /* Resources */ = {
			isa = PBXResourcesBuildPhase;
			buildActionMask = 2147483647;
			files = (
			);
			runOnlyForDeploymentPostprocessing = 0;
		};
/* End PBXResourcesBuildPhase section */

/* Begin PBXSourcesBuildPhase section */
		3D21920F229B879E009C430C /* Sources */ = {
			isa = PBXSourcesBuildPhase;
			buildActionMask = 2147483647;
			files = (
				3D219250229B8800009C430C /* CCBaseViewController.m in Sources */,
				3D21921B229B879F009C430C /* ViewController.m in Sources */,
				3D219221229B879F009C430C /* JSContact.xcdatamodeld in Sources */,
				3D219229229B87A0009C430C /* main.m in Sources */,
				3D219218229B879F009C430C /* AppDelegate.m in Sources */,
			);
			runOnlyForDeploymentPostprocessing = 0;
		};
		3D21922A229B87A0009C430C /* Sources */ = {
			isa = PBXSourcesBuildPhase;
			buildActionMask = 2147483647;
			files = (
				3D219233229B87A0009C430C /* JSContactTests.m in Sources */,
			);
			runOnlyForDeploymentPostprocessing = 0;
		};
		3D219235229B87A0009C430C /* Sources */ = {
			isa = PBXSourcesBuildPhase;
			buildActionMask = 2147483647;
			files = (
				3D21923E229B87A0009C430C /* JSContactUITests.m in Sources */,
			);
			runOnlyForDeploymentPostprocessing = 0;
		};
/* End PBXSourcesBuildPhase section */

/* Begin PBXTargetDependency section */
		3D219230229B87A0009C430C /* PBXTargetDependency */ = {
			isa = PBXTargetDependency;
			target = 3D219212229B879E009C430C /* JSContact */;
			targetProxy = 3D21922F229B87A0009C430C /* PBXContainerItemProxy */;
		};
		3D21923B229B87A0009C430C /* PBXTargetDependency */ = {
			isa = PBXTargetDependency;
			target = 3D219212229B879E009C430C /* JSContact */;
			targetProxy = 3D21923A229B87A0009C430C /* PBXContainerItemProxy */;
		};
/* End PBXTargetDependency section */

/* Begin PBXVariantGroup section */
		3D21921C229B879F009C430C /* Main.storyboard */ = {
			isa = PBXVariantGroup;
			children = (
				3D21921D229B879F009C430C /* Base */,
			);
			name = Main.storyboard;
			sourceTree = "<group>";
		};
		3D219224229B87A0009C430C /* LaunchScreen.storyboard */ = {
			isa = PBXVariantGroup;
			children = (
				3D219225229B87A0009C430C /* Base */,
			);
			name = LaunchScreen.storyboard;
			sourceTree = "<group>";
		};
/* End PBXVariantGroup section */

/* Begin XCBuildConfiguration section */
		3D219240229B87A0009C430C /* Debug */ = {
			isa = XCBuildConfiguration;
			buildSettings = {
				ALWAYS_SEARCH_USER_PATHS = NO;
				CLANG_ANALYZER_NONNULL = YES;
				CLANG_ANALYZER_NUMBER_OBJECT_CONVERSION = YES_AGGRESSIVE;
				CLANG_CXX_LANGUAGE_STANDARD = "gnu++14";
				CLANG_CXX_LIBRARY = "libc++";
				CLANG_ENABLE_MODULES = YES;
				CLANG_ENABLE_OBJC_ARC = YES;
				CLANG_ENABLE_OBJC_WEAK = YES;
				CLANG_WARN_BLOCK_CAPTURE_AUTORELEASING = YES;
				CLANG_WARN_BOOL_CONVERSION = YES;
				CLANG_WARN_COMMA = YES;
				CLANG_WARN_CONSTANT_CONVERSION = YES;
				CLANG_WARN_DEPRECATED_OBJC_IMPLEMENTATIONS = YES;
				CLANG_WARN_DIRECT_OBJC_ISA_USAGE = YES_ERROR;
				CLANG_WARN_DOCUMENTATION_COMMENTS = YES;
				CLANG_WARN_EMPTY_BODY = YES;
				CLANG_WARN_ENUM_CONVERSION = YES;
				CLANG_WARN_INFINITE_RECURSION = YES;
				CLANG_WARN_INT_CONVERSION = YES;
				CLANG_WARN_NON_LITERAL_NULL_CONVERSION = YES;
				CLANG_WARN_OBJC_IMPLICIT_RETAIN_SELF = YES;
				CLANG_WARN_OBJC_LITERAL_CONVERSION = YES;
				CLANG_WARN_OBJC_ROOT_CLASS = YES_ERROR;
				CLANG_WARN_RANGE_LOOP_ANALYSIS = YES;
				CLANG_WARN_STRICT_PROTOTYPES = YES;
				CLANG_WARN_SUSPICIOUS_MOVE = YES;
				CLANG_WARN_UNGUARDED_AVAILABILITY = YES_AGGRESSIVE;
				CLANG_WARN_UNREACHABLE_CODE = YES;
				CLANG_WARN__DUPLICATE_METHOD_MATCH = YES;
				CODE_SIGN_IDENTITY = "iPhone Developer";
				COPY_PHASE_STRIP = NO;
				DEBUG_INFORMATION_FORMAT = dwarf;
				ENABLE_STRICT_OBJC_MSGSEND = YES;
				ENABLE_TESTABILITY = YES;
				GCC_C_LANGUAGE_STANDARD = gnu11;
				GCC_DYNAMIC_NO_PIC = NO;
				GCC_NO_COMMON_BLOCKS = YES;
				GCC_OPTIMIZATION_LEVEL = 0;
				GCC_PREPROCESSOR_DEFINITIONS = (
					"DEBUG=1",
					"$(inherited)",
				);
				GCC_WARN_64_TO_32_BIT_CONVERSION = YES;
				GCC_WARN_ABOUT_RETURN_TYPE = YES_ERROR;
				GCC_WARN_UNDECLARED_SELECTOR = YES;
				GCC_WARN_UNINITIALIZED_AUTOS = YES_AGGRESSIVE;
				GCC_WARN_UNUSED_FUNCTION = YES;
				GCC_WARN_UNUSED_VARIABLE = YES;
				IPHONEOS_DEPLOYMENT_TARGET = 12.2;
				MTL_ENABLE_DEBUG_INFO = INCLUDE_SOURCE;
				MTL_FAST_MATH = YES;
				ONLY_ACTIVE_ARCH = YES;
				SDKROOT = iphoneos;
			};
			name = Debug;
		};
		3D219241229B87A0009C430C /* Release */ = {
			isa = XCBuildConfiguration;
			buildSettings = {
				ALWAYS_SEARCH_USER_PATHS = NO;
				CLANG_ANALYZER_NONNULL = YES;
				CLANG_ANALYZER_NUMBER_OBJECT_CONVERSION = YES_AGGRESSIVE;
				CLANG_CXX_LANGUAGE_STANDARD = "gnu++14";
				CLANG_CXX_LIBRARY = "libc++";
				CLANG_ENABLE_MODULES = YES;
				CLANG_ENABLE_OBJC_ARC = YES;
				CLANG_ENABLE_OBJC_WEAK = YES;
				CLANG_WARN_BLOCK_CAPTURE_AUTORELEASING = YES;
				CLANG_WARN_BOOL_CONVERSION = YES;
				CLANG_WARN_COMMA = YES;
				CLANG_WARN_CONSTANT_CONVERSION = YES;
				CLANG_WARN_DEPRECATED_OBJC_IMPLEMENTATIONS = YES;
				CLANG_WARN_DIRECT_OBJC_ISA_USAGE = YES_ERROR;
				CLANG_WARN_DOCUMENTATION_COMMENTS = YES;
				CLANG_WARN_EMPTY_BODY = YES;
				CLANG_WARN_ENUM_CONVERSION = YES;
				CLANG_WARN_INFINITE_RECURSION = YES;
				CLANG_WARN_INT_CONVERSION = YES;
				CLANG_WARN_NON_LITERAL_NULL_CONVERSION = YES;
				CLANG_WARN_OBJC_IMPLICIT_RETAIN_SELF = YES;
				CLANG_WARN_OBJC_LITERAL_CONVERSION = YES;
				CLANG_WARN_OBJC_ROOT_CLASS = YES_ERROR;
				CLANG_WARN_RANGE_LOOP_ANALYSIS = YES;
				CLANG_WARN_STRICT_PROTOTYPES = YES;
				CLANG_WARN_SUSPICIOUS_MOVE = YES;
				CLANG_WARN_UNGUARDED_AVAILABILITY = YES_AGGRESSIVE;
				CLANG_WARN_UNREACHABLE_CODE = YES;
				CLANG_WARN__DUPLICATE_METHOD_MATCH = YES;
				CODE_SIGN_IDENTITY = "iPhone Developer";
				COPY_PHASE_STRIP = NO;
				DEBUG_INFORMATION_FORMAT = "dwarf-with-dsym";
				ENABLE_NS_ASSERTIONS = NO;
				ENABLE_STRICT_OBJC_MSGSEND = YES;
				GCC_C_LANGUAGE_STANDARD = gnu11;
				GCC_NO_COMMON_BLOCKS = YES;
				GCC_WARN_64_TO_32_BIT_CONVERSION = YES;
				GCC_WARN_ABOUT_RETURN_TYPE = YES_ERROR;
				GCC_WARN_UNDECLARED_SELECTOR = YES;
				GCC_WARN_UNINITIALIZED_AUTOS = YES_AGGRESSIVE;
				GCC_WARN_UNUSED_FUNCTION = YES;
				GCC_WARN_UNUSED_VARIABLE = YES;
				IPHONEOS_DEPLOYMENT_TARGET = 12.2;
				MTL_ENABLE_DEBUG_INFO = NO;
				MTL_FAST_MATH = YES;
				SDKROOT = iphoneos;
				VALIDATE_PRODUCT = YES;
			};
			name = Release;
		};
		3D219243229B87A1009C430C /* Debug */ = {
			isa = XCBuildConfiguration;
			buildSettings = {
				ASSETCATALOG_COMPILER_APPICON_NAME = AppIcon;
				CODE_SIGN_STYLE = Automatic;
				DEVELOPMENT_TEAM = 8N8SFTFR4D;
				INFOPLIST_FILE = JSContact/Info.plist;
				LD_RUNPATH_SEARCH_PATHS = (
					"$(inherited)",
					"@executable_path/Frameworks",
				);
				PRODUCT_BUNDLE_IDENTIFIER = com.cuichengcheng.JSContact;
				PRODUCT_NAME = "$(TARGET_NAME)";
				TARGETED_DEVICE_FAMILY = "1,2";
			};
			name = Debug;
		};
		3D219244229B87A1009C430C /* Release */ = {
			isa = XCBuildConfiguration;
			buildSettings = {
				ASSETCATALOG_COMPILER_APPICON_NAME = AppIcon;
				CODE_SIGN_STYLE = Automatic;
				DEVELOPMENT_TEAM = 8N8SFTFR4D;
				INFOPLIST_FILE = JSContact/Info.plist;
				LD_RUNPATH_SEARCH_PATHS = (
					"$(inherited)",
					"@executable_path/Frameworks",
				);
				PRODUCT_BUNDLE_IDENTIFIER = com.cuichengcheng.JSContact;
				PRODUCT_NAME = "$(TARGET_NAME)";
				TARGETED_DEVICE_FAMILY = "1,2";
			};
			name = Release;
		};
		3D219246229B87A1009C430C /* Debug */ = {
			isa = XCBuildConfiguration;
			buildSettings = {
				BUNDLE_LOADER = "$(TEST_HOST)";
				CODE_SIGN_STYLE = Automatic;
				DEVELOPMENT_TEAM = 8N8SFTFR4D;
				INFOPLIST_FILE = JSContactTests/Info.plist;
				LD_RUNPATH_SEARCH_PATHS = (
					"$(inherited)",
					"@executable_path/Frameworks",
					"@loader_path/Frameworks",
				);
				PRODUCT_BUNDLE_IDENTIFIER = com.cuichengcheng.JSContactTests;
				PRODUCT_NAME = "$(TARGET_NAME)";
				TARGETED_DEVICE_FAMILY = "1,2";
				TEST_HOST = "$(BUILT_PRODUCTS_DIR)/JSContact.app/JSContact";
			};
			name = Debug;
		};
		3D219247229B87A1009C430C /* Release */ = {
			isa = XCBuildConfiguration;
			buildSettings = {
				BUNDLE_LOADER = "$(TEST_HOST)";
				CODE_SIGN_STYLE = Automatic;
				DEVELOPMENT_TEAM = 8N8SFTFR4D;
				INFOPLIST_FILE = JSContactTests/Info.plist;
				LD_RUNPATH_SEARCH_PATHS = (
					"$(inherited)",
					"@executable_path/Frameworks",
					"@loader_path/Frameworks",
				);
				PRODUCT_BUNDLE_IDENTIFIER = com.cuichengcheng.JSContactTests;
				PRODUCT_NAME = "$(TARGET_NAME)";
				TARGETED_DEVICE_FAMILY = "1,2";
				TEST_HOST = "$(BUILT_PRODUCTS_DIR)/JSContact.app/JSContact";
			};
			name = Release;
		};
		3D219249229B87A1009C430C /* Debug */ = {
			isa = XCBuildConfiguration;
			buildSettings = {
				CODE_SIGN_STYLE = Automatic;
				DEVELOPMENT_TEAM = 8N8SFTFR4D;
				INFOPLIST_FILE = JSContactUITests/Info.plist;
				LD_RUNPATH_SEARCH_PATHS = (
					"$(inherited)",
					"@executable_path/Frameworks",
					"@loader_path/Frameworks",
				);
				PRODUCT_BUNDLE_IDENTIFIER = com.cuichengcheng.JSContactUITests;
				PRODUCT_NAME = "$(TARGET_NAME)";
				TARGETED_DEVICE_FAMILY = "1,2";
				TEST_TARGET_NAME = JSContact;
			};
			name = Debug;
		};
		3D21924A229B87A1009C430C /* Release */ = {
			isa = XCBuildConfiguration;
			buildSettings = {
				CODE_SIGN_STYLE = Automatic;
				DEVELOPMENT_TEAM = 8N8SFTFR4D;
				INFOPLIST_FILE = JSContactUITests/Info.plist;
				LD_RUNPATH_SEARCH_PATHS = (
					"$(inherited)",
					"@executable_path/Frameworks",
					"@loader_path/Frameworks",
				);
				PRODUCT_BUNDLE_IDENTIFIER = com.cuichengcheng.JSContactUITests;
				PRODUCT_NAME = "$(TARGET_NAME)";
				TARGETED_DEVICE_FAMILY = "1,2";
				TEST_TARGET_NAME = JSContact;
			};
			name = Release;
		};
/* End XCBuildConfiguration section */

/* Begin XCConfigurationList section */
		3D21920E229B879E009C430C /* Build configuration list for PBXProject "JSContact" */ = {
			isa = XCConfigurationList;
			buildConfigurations = (
				3D219240229B87A0009C430C /* Debug */,
				3D219241229B87A0009C430C /* Release */,
			);
			defaultConfigurationIsVisible = 0;
			defaultConfigurationName = Release;
		};
		3D219242229B87A1009C430C /* Build configuration list for PBXNativeTarget "JSContact" */ = {
			isa = XCConfigurationList;
			buildConfigurations = (
				3D219243229B87A1009C430C /* Debug */,
				3D219244229B87A1009C430C /* Release */,
			);
			defaultConfigurationIsVisible = 0;
			defaultConfigurationName = Release;
		};
		3D219245229B87A1009C430C /* Build configuration list for PBXNativeTarget "JSContactTests" */ = {
			isa = XCConfigurationList;
			buildConfigurations = (
				3D219246229B87A1009C430C /* Debug */,
				3D219247229B87A1009C430C /* Release */,
			);
			defaultConfigurationIsVisible = 0;
			defaultConfigurationName = Release;
		};
		3D219248229B87A1009C430C /* Build configuration list for PBXNativeTarget "JSContactUITests" */ = {
			isa = XCConfigurationList;
			buildConfigurations = (
				3D219249229B87A1009C430C /* Debug */,
				3D21924A229B87A1009C430C /* Release */,
			);
			defaultConfigurationIsVisible = 0;
			defaultConfigurationName = Release;
		};
/* End XCConfigurationList section */

/* Begin XCVersionGroup section */
		3D21921F229B879F009C430C /* JSContact.xcdatamodeld */ = {
			isa = XCVersionGroup;
			children = (
				3D219220229B879F009C430C /* JSContact.xcdatamodel */,
			);
			currentVersion = 3D219220229B879F009C430C /* JSContact.xcdatamodel */;
			path = JSContact.xcdatamodeld;
			sourceTree = "<group>";
			versionGroupType = wrapper.xcdatamodel;
		};
/* End XCVersionGroup section */
	};
	rootObject = 3D21920B229B879E009C430C /* Project object */;
}
